
Microsoft Visual Studio Solution File, Format Version 12.00
# Visual Studio 15
VisualStudioVersion = 15.0.28307.421
MinimumVisualStudioVersion = 10.0.40219.1
Project("{FAE04EC0-301F-11D3-BF4B-00C04F79EFBC}") = "SGBank.UI", "SGBank.UI\SGBank.UI.csproj", "{ABC642F6-99B8-4CFA-BBEB-DD973AA34C17}"
EndProject
Project("{FAE04EC0-301F-11D3-BF4B-00C04F79EFBC}") = "SGBank.BLL", "SGBank.BLL\SGBank.BLL.csproj", "{45156A6B-8A22-4E8B-A49A-33A63DE243AD}"
EndProject
Project("{FAE04EC0-301F-11D3-BF4B-00C04F79EFBC}") = "SGBank.Models", "SGBank.Models\SGBank.Models.csproj", "{47D4780E-F757-4019-9D2A-A4448311BFA4}"
EndProject
Project("{FAE04EC0-301F-11D3-BF4B-00C04F79EFBC}") = "SGBank.Data", "SGBank.Data\SGBank.Data.csproj", "{A5545857-4429-46E9-8709-91CCA80D5E81}"
EndProject
Project("{FAE04EC0-301F-11D3-BF4B-00C04F79EFBC}") = "SGBankTest", "SGBankTest\SGBankTest.csproj", "{43C2EBF8-12C8-41CA-9D07-DBE75462CF07}"
EndProject
Global
	GlobalSection(SolutionConfigurationPlatforms) = preSolution
		Debug|Any CPU = Debug|Any CPU
		Release|Any CPU = Release|Any CPU
	EndGlobalSection
	GlobalSection(ProjectConfigurationPlatforms) = postSolution
		{ABC642F6-99B8-4CFA-BBEB-DD973AA34C17}.Debug|Any CPU.ActiveCfg = Debug|Any CPU
		{ABC642F6-99B8-4CFA-BBEB-DD973AA34C17}.Debug|Any CPU.Build.0 = Debug|Any CPU
		{ABC642F6-99B8-4CFA-BBEB-DD973AA34C17}.Release|Any CPU.ActiveCfg = Release|Any CPU
		{ABC642F6-99B8-4CFA-BBEB-DD973AA34C17}.Release|Any CPU.Build.0 = Release|Any CPU
		{45156A6B-8A22-4E8B-A49A-33A63DE243AD}.Debug|Any CPU.ActiveCfg = Debug|Any CPU
		{45156A6B-8A22-4E8B-A49A-33A63DE243AD}.Debug|Any CPU.Build.0 = Debug|Any CPU
		{45156A6B-8A22-4E8B-A49A-33A63DE243AD}.Release|Any CPU.ActiveCfg = Release|Any CPU
		{45156A6B-8A22-4E8B-A49A-33A63DE243AD}.Release|Any CPU.Build.0 = Release|Any CPU
		{47D4780E-F757-4019-9D2A-A4448311BFA4}.Debug|Any CPU.ActiveCfg = Debug|Any CPU
		{47D4780E-F757-4019-9D2A-A4448311BFA4}.Debug|Any CPU.Build.0 = Debug|Any CPU
		{47D4780E-F757-4019-9D2A-A4448311BFA4}.Release|Any CPU.ActiveCfg = Release|Any CPU
		{47D4780E-F757-4019-9D2A-A4448311BFA4}.Release|Any CPU.Build.0 = Release|Any CPU
		{A5545857-4429-46E9-8709-91CCA80D5E81}.Debug|Any CPU.ActiveCfg = Debug|Any CPU
		{A5545857-4429-46E9-8709-91CCA80D5E81}.Debug|Any CPU.Build.0 = Debug|Any CPU
		{A5545857-4429-46E9-8709-91CCA80D5E81}.Release|Any CPU.ActiveCfg = Release|Any CPU
		{A5545857-4429-46E9-8709-91CCA80D5E81}.Release|Any CPU.Build.0 = Release|Any CPU
		{43C2EBF8-12C8-41CA-9D07-DBE75462CF07}.Debug|Any CPU.ActiveCfg = Debug|Any CPU
		{43C2EBF8-12C8-41CA-9D07-DBE75462CF07}.Debug|Any CPU.Build.0 = Debug|Any CPU
		{43C2EBF8-12C8-41CA-9D07-DBE75462CF07}.Release|Any CPU.ActiveCfg = Release|Any CPU
		{43C2EBF8-12C8-41CA-9D07-DBE75462CF07}.Release|Any CPU.Build.0 = Release|Any CPU
	EndGlobalSection
	GlobalSection(SolutionProperties) = preSolution
		HideSolutionNode = FALSE
	EndGlobalSection
	GlobalSection(ExtensibilityGlobals) = postSolution
		SolutionGuid = {EFFA7AC8-BAD8-4D6C-AA3F-27008A07FFDE}
	EndGlobalSection
EndGlobal
