
Microsoft Visual Studio Solution File, Format Version 12.00
# Visual Studio 15
VisualStudioVersion = 15.0.28307.421
MinimumVisualStudioVersion = 10.0.40219.1
Project("{FAE04EC0-301F-11D3-BF4B-00C04F79EFBC}") = "Flooring.UI", "Flooring.UI\Flooring.UI.csproj", "{D4DB567A-B3DA-460F-B49A-FC355F970FFE}"
EndProject
Project("{FAE04EC0-301F-11D3-BF4B-00C04F79EFBC}") = "Flooring.BLL", "Flooring.BLL\Flooring.BLL.csproj", "{63B9F2E5-BC18-485B-A859-AB46B9B09AB7}"
EndProject
Project("{FAE04EC0-301F-11D3-BF4B-00C04F79EFBC}") = "Flooring.Models", "Flooring.Models\Flooring.Models.csproj", "{D542E247-B069-4E32-BCA0-4EA6D6055049}"
EndProject
Project("{FAE04EC0-301F-11D3-BF4B-00C04F79EFBC}") = "Flooring.Data", "Flooring.Data\Flooring.Data.csproj", "{D6546B51-673F-4101-BAD3-DA35A4B6E7F7}"
EndProject
Project("{FAE04EC0-301F-11D3-BF4B-00C04F79EFBC}") = "Flooring.Tests", "Flooring.Tests\Flooring.Tests.csproj", "{C5C86FE4-76BE-4E55-B8B5-CCA2B58ACC27}"
EndProject
Global
	GlobalSection(SolutionConfigurationPlatforms) = preSolution
		Debug|Any CPU = Debug|Any CPU
		Release|Any CPU = Release|Any CPU
	EndGlobalSection
	GlobalSection(ProjectConfigurationPlatforms) = postSolution
		{D4DB567A-B3DA-460F-B49A-FC355F970FFE}.Debug|Any CPU.ActiveCfg = Debug|Any CPU
		{D4DB567A-B3DA-460F-B49A-FC355F970FFE}.Debug|Any CPU.Build.0 = Debug|Any CPU
		{D4DB567A-B3DA-460F-B49A-FC355F970FFE}.Release|Any CPU.ActiveCfg = Release|Any CPU
		{D4DB567A-B3DA-460F-B49A-FC355F970FFE}.Release|Any CPU.Build.0 = Release|Any CPU
		{63B9F2E5-BC18-485B-A859-AB46B9B09AB7}.Debug|Any CPU.ActiveCfg = Debug|Any CPU
		{63B9F2E5-BC18-485B-A859-AB46B9B09AB7}.Debug|Any CPU.Build.0 = Debug|Any CPU
		{63B9F2E5-BC18-485B-A859-AB46B9B09AB7}.Release|Any CPU.ActiveCfg = Release|Any CPU
		{63B9F2E5-BC18-485B-A859-AB46B9B09AB7}.Release|Any CPU.Build.0 = Release|Any CPU
		{D542E247-B069-4E32-BCA0-4EA6D6055049}.Debug|Any CPU.ActiveCfg = Debug|Any CPU
		{D542E247-B069-4E32-BCA0-4EA6D6055049}.Debug|Any CPU.Build.0 = Debug|Any CPU
		{D542E247-B069-4E32-BCA0-4EA6D6055049}.Release|Any CPU.ActiveCfg = Release|Any CPU
		{D542E247-B069-4E32-BCA0-4EA6D6055049}.Release|Any CPU.Build.0 = Release|Any CPU
		{D6546B51-673F-4101-BAD3-DA35A4B6E7F7}.Debug|Any CPU.ActiveCfg = Debug|Any CPU
		{D6546B51-673F-4101-BAD3-DA35A4B6E7F7}.Debug|Any CPU.Build.0 = Debug|Any CPU
		{D6546B51-673F-4101-BAD3-DA35A4B6E7F7}.Release|Any CPU.ActiveCfg = Release|Any CPU
		{D6546B51-673F-4101-BAD3-DA35A4B6E7F7}.Release|Any CPU.Build.0 = Release|Any CPU
		{C5C86FE4-76BE-4E55-B8B5-CCA2B58ACC27}.Debug|Any CPU.ActiveCfg = Debug|Any CPU
		{C5C86FE4-76BE-4E55-B8B5-CCA2B58ACC27}.Debug|Any CPU.Build.0 = Debug|Any CPU
		{C5C86FE4-76BE-4E55-B8B5-CCA2B58ACC27}.Release|Any CPU.ActiveCfg = Release|Any CPU
		{C5C86FE4-76BE-4E55-B8B5-CCA2B58ACC27}.Release|Any CPU.Build.0 = Release|Any CPU
	EndGlobalSection
	GlobalSection(SolutionProperties) = preSolution
		HideSolutionNode = FALSE
	EndGlobalSection
	GlobalSection(ExtensibilityGlobals) = postSolution
		SolutionGuid = {C907AC90-8DF3-49CF-92E2-19677A534EB3}
	EndGlobalSection
EndGlobal
