
Microsoft Visual Studio Solution File, Format Version 12.00
# Visual Studio 15
VisualStudioVersion = 15.0.28307.421
MinimumVisualStudioVersion = 10.0.40219.1
Project("{FAE04EC0-301F-11D3-BF4B-00C04F79EFBC}") = "DogGenetics", "DogGenetics\DogGenetics.csproj", "{5D7DBBBF-3913-4A0B-873E-EEC99A9A253E}"
EndProject
Global
	GlobalSection(SolutionConfigurationPlatforms) = preSolution
		Debug|Any CPU = Debug|Any CPU
		Release|Any CPU = Release|Any CPU
	EndGlobalSection
	GlobalSection(ProjectConfigurationPlatforms) = postSolution
		{5D7DBBBF-3913-4A0B-873E-EEC99A9A253E}.Debug|Any CPU.ActiveCfg = Debug|Any CPU
		{5D7DBBBF-3913-4A0B-873E-EEC99A9A253E}.Debug|Any CPU.Build.0 = Debug|Any CPU
		{5D7DBBBF-3913-4A0B-873E-EEC99A9A253E}.Release|Any CPU.ActiveCfg = Release|Any CPU
		{5D7DBBBF-3913-4A0B-873E-EEC99A9A253E}.Release|Any CPU.Build.0 = Release|Any CPU
	EndGlobalSection
	GlobalSection(SolutionProperties) = preSolution
		HideSolutionNode = FALSE
	EndGlobalSection
	GlobalSection(ExtensibilityGlobals) = postSolution
		SolutionGuid = {482AE8AE-43F0-4CCE-8738-26BA829373EF}
	EndGlobalSection
EndGlobal
