
Microsoft Visual Studio Solution File, Format Version 12.00
# Visual Studio 15
VisualStudioVersion = 15.0.28307.421
MinimumVisualStudioVersion = 10.0.40219.1
Project("{FAE04EC0-301F-11D3-BF4B-00C04F79EFBC}") = "HealthyHearts", "HealthyHearts\HealthyHearts.csproj", "{455C9C74-89C2-48DB-9BF4-F9800997398D}"
EndProject
Global
	GlobalSection(SolutionConfigurationPlatforms) = preSolution
		Debug|Any CPU = Debug|Any CPU
		Release|Any CPU = Release|Any CPU
	EndGlobalSection
	GlobalSection(ProjectConfigurationPlatforms) = postSolution
		{455C9C74-89C2-48DB-9BF4-F9800997398D}.Debug|Any CPU.ActiveCfg = Debug|Any CPU
		{455C9C74-89C2-48DB-9BF4-F9800997398D}.Debug|Any CPU.Build.0 = Debug|Any CPU
		{455C9C74-89C2-48DB-9BF4-F9800997398D}.Release|Any CPU.ActiveCfg = Release|Any CPU
		{455C9C74-89C2-48DB-9BF4-F9800997398D}.Release|Any CPU.Build.0 = Release|Any CPU
	EndGlobalSection
	GlobalSection(SolutionProperties) = preSolution
		HideSolutionNode = FALSE
	EndGlobalSection
	GlobalSection(ExtensibilityGlobals) = postSolution
		SolutionGuid = {C498A30A-E3F8-4674-BF41-B8208755D2AC}
	EndGlobalSection
EndGlobal
