
Microsoft Visual Studio Solution File, Format Version 12.00
# Visual Studio 15
VisualStudioVersion = 15.0.28307.421
MinimumVisualStudioVersion = 10.0.40219.1
Project("{FAE04EC0-301F-11D3-BF4B-00C04F79EFBC}") = "SummativeSums", "SummativeSums\SummativeSums.csproj", "{9C96A7E8-0DE5-414F-B2BD-4DDFB1CA32CB}"
EndProject
Global
	GlobalSection(SolutionConfigurationPlatforms) = preSolution
		Debug|Any CPU = Debug|Any CPU
		Release|Any CPU = Release|Any CPU
	EndGlobalSection
	GlobalSection(ProjectConfigurationPlatforms) = postSolution
		{9C96A7E8-0DE5-414F-B2BD-4DDFB1CA32CB}.Debug|Any CPU.ActiveCfg = Debug|Any CPU
		{9C96A7E8-0DE5-414F-B2BD-4DDFB1CA32CB}.Debug|Any CPU.Build.0 = Debug|Any CPU
		{9C96A7E8-0DE5-414F-B2BD-4DDFB1CA32CB}.Release|Any CPU.ActiveCfg = Release|Any CPU
		{9C96A7E8-0DE5-414F-B2BD-4DDFB1CA32CB}.Release|Any CPU.Build.0 = Release|Any CPU
	EndGlobalSection
	GlobalSection(SolutionProperties) = preSolution
		HideSolutionNode = FALSE
	EndGlobalSection
	GlobalSection(ExtensibilityGlobals) = postSolution
		SolutionGuid = {0823D488-D4D9-439C-A8AD-6E6757FDB02D}
	EndGlobalSection
EndGlobal
